
Microsoft Visual Studio Solution File, Format Version 12.00
# Visual Studio Version 17
VisualStudioVersion = 17.14.36414.22
MinimumVisualStudioVersion = 10.0.40219.1
Project("{888888A0-9F3D-457C-B088-3A5042F75D52}") = "DeluxeEditWeb", "DeluxeEditWeb\DeluxeEditWeb.pyproj", "{7A1285B6-FCB3-43C6-9B40-1A66F4C6F33C}"
EndProject
Global
	GlobalSection(SolutionConfigurationPlatforms) = preSolution
		Debug|Any CPU = Debug|Any CPU
		Release|Any CPU = Release|Any CPU
	EndGlobalSection
	GlobalSection(ProjectConfigurationPlatforms) = postSolution
		{7A1285B6-FCB3-43C6-9B40-1A66F4C6F33C}.Debug|Any CPU.ActiveCfg = Debug|Any CPU
		{7A1285B6-FCB3-43C6-9B40-1A66F4C6F33C}.Debug|Any CPU.Build.0 = Debug|Any CPU
		{7A1285B6-FCB3-43C6-9B40-1A66F4C6F33C}.Release|Any CPU.ActiveCfg = Release|Any CPU
		{7A1285B6-FCB3-43C6-9B40-1A66F4C6F33C}.Release|Any CPU.Build.0 = Release|Any CPU
	EndGlobalSection
	GlobalSection(SolutionProperties) = preSolution
		HideSolutionNode = FALSE
	EndGlobalSection
	GlobalSection(ExtensibilityGlobals) = postSolution
		SolutionGuid = {DB4EAD26-80F6-4292-9112-3CFF35864C1E}
	EndGlobalSection
EndGlobal
